// !$*UTF8*$!
{
	archiveVersion = 1;
	classes = {
	};
	objectVersion = 46;
	objects = {

/* Begin PBXBuildFile section */
		9F6246E41E0A368900C1DDF2 /* Assets.xcassets in Resources */ = {isa = PBXBuildFile; fileRef = 9F6246E11E0A368900C1DDF2 /* Assets.xcassets */; };
		9F6246E51E0A368900C1DDF2 /* LaunchScreen.storyboard in Resources */ = {isa = PBXBuildFile; fileRef = 9F6246E21E0A368900C1DDF2 /* LaunchScreen.storyboard */; };
		9F6246E61E0A368900C1DDF2 /* Main.storyboard in Resources */ = {isa = PBXBuildFile; fileRef = 9F6246E31E0A368900C1DDF2 /* Main.storyboard */; };
		9F6246EA1E0A369E00C1DDF2 /* AppDelegate.m in Sources */ = {isa = PBXBuildFile; fileRef = 9F6246E81E0A369E00C1DDF2 /* AppDelegate.m */; };
		9F6246EB1E0A369E00C1DDF2 /* main.m in Sources */ = {isa = PBXBuildFile; fileRef = 9F6246E91E0A369E00C1DDF2 /* main.m */; };
		9F6246F61E0A379800C1DDF2 /* HIHSearchViewController.m in Sources */ = {isa = PBXBuildFile; fileRef = 9F6246F51E0A379800C1DDF2 /* HIHSearchViewController.m */; };
		9F6246F91E0A37A800C1DDF2 /* HIHSearchService.m in Sources */ = {isa = PBXBuildFile; fileRef = 9F6246F81E0A37A700C1DDF2 /* HIHSearchService.m */; };
		9F6247011E0A399300C1DDF2 /* HIHAlbum.m in Sources */ = {isa = PBXBuildFile; fileRef = 9F6247001E0A399300C1DDF2 /* HIHAlbum.m */; };
		9F6247041E0A3AD800C1DDF2 /* HIHSearchInputView.m in Sources */ = {isa = PBXBuildFile; fileRef = 9F6247031E0A3AD800C1DDF2 /* HIHSearchInputView.m */; };
		9F6247081E0A441D00C1DDF2 /* HIHHttpClient.m in Sources */ = {isa = PBXBuildFile; fileRef = 9F6247071E0A441D00C1DDF2 /* HIHHttpClient.m */; };
		9F6247131E0A4C1D00C1DDF2 /* HIHSearchServiceTests.m in Sources */ = {isa = PBXBuildFile; fileRef = 9F6247111E0A4C1900C1DDF2 /* HIHSearchServiceTests.m */; };
		9F6247171E0A541B00C1DDF2 /* query_ok_200_res.json in Resources */ = {isa = PBXBuildFile; fileRef = 9F62470F1E0A4A2900C1DDF2 /* query_ok_200_res.json */; };
		9F6247181E0A541B00C1DDF2 /* query_bad_400_res.json in Resources */ = {isa = PBXBuildFile; fileRef = 9F6247151E0A541400C1DDF2 /* query_bad_400_res.json */; };
		9F6247191E0A54EA00C1DDF2 /* query_ok_200_res.json in Resources */ = {isa = PBXBuildFile; fileRef = 9F62470F1E0A4A2900C1DDF2 /* query_ok_200_res.json */; };
		9F62471A1E0A54ED00C1DDF2 /* query_bad_400_res.json in Resources */ = {isa = PBXBuildFile; fileRef = 9F6247151E0A541400C1DDF2 /* query_bad_400_res.json */; };
		9F62471D1E0A5EF100C1DDF2 /* HIHSearchAlbumCell.m in Sources */ = {isa = PBXBuildFile; fileRef = 9F62471C1E0A5EF100C1DDF2 /* HIHSearchAlbumCell.m */; };
		9F6247201E0A658400C1DDF2 /* HIHImageCacheService.m in Sources */ = {isa = PBXBuildFile; fileRef = 9F62471F1E0A658400C1DDF2 /* HIHImageCacheService.m */; };
		9F6247241E0AEC9600C1DDF2 /* HIHAlbumDisplayViewController.m in Sources */ = {isa = PBXBuildFile; fileRef = 9F6247231E0AEC9600C1DDF2 /* HIHAlbumDisplayViewController.m */; };
		9FFC0F241E0B1DDB00EF64BE /* HIHAlbumDisplayTransitionAnimator.m in Sources */ = {isa = PBXBuildFile; fileRef = 9FFC0F231E0B1DDB00EF64BE /* HIHAlbumDisplayTransitionAnimator.m */; };
		9FFC0F2C1E0B3F2000EF64BE /* HIHAlbumTests.m in Sources */ = {isa = PBXBuildFile; fileRef = 9FFC0F2B1E0B3F2000EF64BE /* HIHAlbumTests.m */; };
		9FFC0F2E1E0B3F8200EF64BE /* album.json in Resources */ = {isa = PBXBuildFile; fileRef = 9FFC0F2D1E0B3F8200EF64BE /* album.json */; };
		9FFC0F2F1E0B400D00EF64BE /* album.json in Resources */ = {isa = PBXBuildFile; fileRef = 9FFC0F2D1E0B3F8200EF64BE /* album.json */; };
		9FFC0F311E0B421900EF64BE /* HIHImageCacheServiceTests.m in Sources */ = {isa = PBXBuildFile; fileRef = 9FFC0F301E0B421900EF64BE /* HIHImageCacheServiceTests.m */; };
		9FFC0F331E0B477500EF64BE /* test.png in Resources */ = {isa = PBXBuildFile; fileRef = 9FFC0F321E0B477500EF64BE /* test.png */; };
		9FFC0F341E0B47BC00EF64BE /* test.png in Resources */ = {isa = PBXBuildFile; fileRef = 9FFC0F321E0B477500EF64BE /* test.png */; };
		9FFC0F3B1E0B5B4800EF64BE /* HIHMockUrlSession.m in Sources */ = {isa = PBXBuildFile; fileRef = 9FFC0F391E0B5B4300EF64BE /* HIHMockUrlSession.m */; };
		9FFC0F521E0B987600EF64BE /* HIHAlbumDisplayTransitionAnimatorTests.m in Sources */ = {isa = PBXBuildFile; fileRef = 9FFC0F511E0B987600EF64BE /* HIHAlbumDisplayTransitionAnimatorTests.m */; };
		9FFC0F551E0C403200EF64BE /* HIHRoundedImageView.m in Sources */ = {isa = PBXBuildFile; fileRef = 9FFC0F541E0C403200EF64BE /* HIHRoundedImageView.m */; };
/* End PBXBuildFile section */

/* Begin PBXContainerItemProxy section */
		9F6246BF1E0A360B00C1DDF2 /* PBXContainerItemProxy */ = {
			isa = PBXContainerItemProxy;
			containerPortal = 9F62469D1E0A360B00C1DDF2 /* Project object */;
			proxyType = 1;
			remoteGlobalIDString = 9F6246A41E0A360B00C1DDF2;
			remoteInfo = InterviewHomework;
		};
/* End PBXContainerItemProxy section */

/* Begin PBXFileReference section */
		9F6246A51E0A360B00C1DDF2 /* DLOOMB.app */ = {isa = PBXFileReference; explicitFileType = wrapper.application; includeInIndex = 0; path = DLOOMB.app; sourceTree = BUILT_PRODUCTS_DIR; };
		9F6246BE1E0A360B00C1DDF2 /* UnitTests.xctest */ = {isa = PBXFileReference; explicitFileType = wrapper.cfbundle; includeInIndex = 0; path = UnitTests.xctest; sourceTree = BUILT_PRODUCTS_DIR; };
		9F6246DE1E0A368200C1DDF2 /* Main-Info.plist */ = {isa = PBXFileReference; lastKnownFileType = text.plist.xml; name = "Main-Info.plist"; path = "Config/Main-Info.plist"; sourceTree = "<group>"; };
		9F6246E01E0A368200C1DDF2 /* UnitTests-Info.plist */ = {isa = PBXFileReference; lastKnownFileType = text.plist.xml; name = "UnitTests-Info.plist"; path = "Config/UnitTests-Info.plist"; sourceTree = "<group>"; };
		9F6246E11E0A368900C1DDF2 /* Assets.xcassets */ = {isa = PBXFileReference; lastKnownFileType = folder.assetcatalog; name = Assets.xcassets; path = Resources/Assets.xcassets; sourceTree = "<group>"; };
		9F6246E21E0A368900C1DDF2 /* LaunchScreen.storyboard */ = {isa = PBXFileReference; fileEncoding = 4; lastKnownFileType = file.storyboard; name = LaunchScreen.storyboard; path = Resources/LaunchScreen.storyboard; sourceTree = "<group>"; };
		9F6246E31E0A368900C1DDF2 /* Main.storyboard */ = {isa = PBXFileReference; fileEncoding = 4; lastKnownFileType = file.storyboard; name = Main.storyboard; path = Resources/Main.storyboard; sourceTree = "<group>"; };
		9F6246E71E0A369E00C1DDF2 /* AppDelegate.h */ = {isa = PBXFileReference; fileEncoding = 4; lastKnownFileType = sourcecode.c.h; name = AppDelegate.h; path = Source/AppDelegate.h; sourceTree = "<group>"; };
		9F6246E81E0A369E00C1DDF2 /* AppDelegate.m */ = {isa = PBXFileReference; fileEncoding = 4; lastKnownFileType = sourcecode.c.objc; name = AppDelegate.m; path = Source/AppDelegate.m; sourceTree = "<group>"; };
		9F6246E91E0A369E00C1DDF2 /* main.m */ = {isa = PBXFileReference; fileEncoding = 4; lastKnownFileType = sourcecode.c.objc; name = main.m; path = Source/main.m; sourceTree = "<group>"; };
		9F6246F41E0A379800C1DDF2 /* HIHSearchViewController.h */ = {isa = PBXFileReference; fileEncoding = 4; lastKnownFileType = sourcecode.c.h; name = HIHSearchViewController.h; path = Source/Search/HIHSearchViewController.h; sourceTree = "<group>"; };
		9F6246F51E0A379800C1DDF2 /* HIHSearchViewController.m */ = {isa = PBXFileReference; fileEncoding = 4; lastKnownFileType = sourcecode.c.objc; name = HIHSearchViewController.m; path = Source/Search/HIHSearchViewController.m; sourceTree = "<group>"; };
		9F6246F71E0A37A700C1DDF2 /* HIHSearchService.h */ = {isa = PBXFileReference; fileEncoding = 4; lastKnownFileType = sourcecode.c.h; name = HIHSearchService.h; path = Source/Search/HIHSearchService.h; sourceTree = "<group>"; };
		9F6246F81E0A37A700C1DDF2 /* HIHSearchService.m */ = {isa = PBXFileReference; fileEncoding = 4; lastKnownFileType = sourcecode.c.objc; name = HIHSearchService.m; path = Source/Search/HIHSearchService.m; sourceTree = "<group>"; };
		9F6246FF1E0A399300C1DDF2 /* HIHAlbum.h */ = {isa = PBXFileReference; fileEncoding = 4; lastKnownFileType = sourcecode.c.h; name = HIHAlbum.h; path = Source/Common/HIHAlbum.h; sourceTree = "<group>"; };
		9F6247001E0A399300C1DDF2 /* HIHAlbum.m */ = {isa = PBXFileReference; fileEncoding = 4; lastKnownFileType = sourcecode.c.objc; name = HIHAlbum.m; path = Source/Common/HIHAlbum.m; sourceTree = "<group>"; };
		9F6247021E0A3AD800C1DDF2 /* HIHSearchInputView.h */ = {isa = PBXFileReference; fileEncoding = 4; lastKnownFileType = sourcecode.c.h; name = HIHSearchInputView.h; path = Source/Search/HIHSearchInputView.h; sourceTree = "<group>"; };
		9F6247031E0A3AD800C1DDF2 /* HIHSearchInputView.m */ = {isa = PBXFileReference; fileEncoding = 4; lastKnownFileType = sourcecode.c.objc; name = HIHSearchInputView.m; path = Source/Search/HIHSearchInputView.m; sourceTree = "<group>"; };
		9F6247051E0A435700C1DDF2 /* HIHSearchIndex.h */ = {isa = PBXFileReference; lastKnownFileType = sourcecode.c.h; name = HIHSearchIndex.h; path = Source/Search/HIHSearchIndex.h; sourceTree = "<group>"; };
		9F6247061E0A441D00C1DDF2 /* HIHHttpClient.h */ = {isa = PBXFileReference; fileEncoding = 4; lastKnownFileType = sourcecode.c.h; name = HIHHttpClient.h; path = Source/Common/HIHHttpClient.h; sourceTree = "<group>"; };
		9F6247071E0A441D00C1DDF2 /* HIHHttpClient.m */ = {isa = PBXFileReference; fileEncoding = 4; lastKnownFileType = sourcecode.c.objc; name = HIHHttpClient.m; path = Source/Common/HIHHttpClient.m; sourceTree = "<group>"; };
		9F62470F1E0A4A2900C1DDF2 /* query_ok_200_res.json */ = {isa = PBXFileReference; fileEncoding = 4; lastKnownFileType = text.json; name = query_ok_200_res.json; path = Source/Search/Tests/query_ok_200_res.json; sourceTree = "<group>"; };
		9F6247111E0A4C1900C1DDF2 /* HIHSearchServiceTests.m */ = {isa = PBXFileReference; lastKnownFileType = sourcecode.c.objc; name = HIHSearchServiceTests.m; path = Source/Search/Tests/HIHSearchServiceTests.m; sourceTree = "<group>"; };
		9F6247151E0A541400C1DDF2 /* query_bad_400_res.json */ = {isa = PBXFileReference; fileEncoding = 4; lastKnownFileType = text.json; name = query_bad_400_res.json; path = Source/Search/Tests/query_bad_400_res.json; sourceTree = "<group>"; };
		9F62471B1E0A5EF100C1DDF2 /* HIHSearchAlbumCell.h */ = {isa = PBXFileReference; fileEncoding = 4; lastKnownFileType = sourcecode.c.h; name = HIHSearchAlbumCell.h; path = Source/Search/HIHSearchAlbumCell.h; sourceTree = "<group>"; };
		9F62471C1E0A5EF100C1DDF2 /* HIHSearchAlbumCell.m */ = {isa = PBXFileReference; fileEncoding = 4; lastKnownFileType = sourcecode.c.objc; name = HIHSearchAlbumCell.m; path = Source/Search/HIHSearchAlbumCell.m; sourceTree = "<group>"; };
		9F62471E1E0A658400C1DDF2 /* HIHImageCacheService.h */ = {isa = PBXFileReference; fileEncoding = 4; lastKnownFileType = sourcecode.c.h; name = HIHImageCacheService.h; path = Source/Common/HIHImageCacheService.h; sourceTree = "<group>"; };
		9F62471F1E0A658400C1DDF2 /* HIHImageCacheService.m */ = {isa = PBXFileReference; fileEncoding = 4; lastKnownFileType = sourcecode.c.objc; name = HIHImageCacheService.m; path = Source/Common/HIHImageCacheService.m; sourceTree = "<group>"; };
		9F6247221E0AEC9600C1DDF2 /* HIHAlbumDisplayViewController.h */ = {isa = PBXFileReference; fileEncoding = 4; lastKnownFileType = sourcecode.c.h; name = HIHAlbumDisplayViewController.h; path = Source/AlbumDisplay/HIHAlbumDisplayViewController.h; sourceTree = "<group>"; };
		9F6247231E0AEC9600C1DDF2 /* HIHAlbumDisplayViewController.m */ = {isa = PBXFileReference; fileEncoding = 4; lastKnownFileType = sourcecode.c.objc; name = HIHAlbumDisplayViewController.m; path = Source/AlbumDisplay/HIHAlbumDisplayViewController.m; sourceTree = "<group>"; };
		9FFC0F221E0B1DDB00EF64BE /* HIHAlbumDisplayTransitionAnimator.h */ = {isa = PBXFileReference; fileEncoding = 4; lastKnownFileType = sourcecode.c.h; name = HIHAlbumDisplayTransitionAnimator.h; path = Source/AlbumDisplay/HIHAlbumDisplayTransitionAnimator.h; sourceTree = "<group>"; };
		9FFC0F231E0B1DDB00EF64BE /* HIHAlbumDisplayTransitionAnimator.m */ = {isa = PBXFileReference; fileEncoding = 4; lastKnownFileType = sourcecode.c.objc; name = HIHAlbumDisplayTransitionAnimator.m; path = Source/AlbumDisplay/HIHAlbumDisplayTransitionAnimator.m; sourceTree = "<group>"; };
		9FFC0F2B1E0B3F2000EF64BE /* HIHAlbumTests.m */ = {isa = PBXFileReference; fileEncoding = 4; lastKnownFileType = sourcecode.c.objc; name = HIHAlbumTests.m; path = Source/Common/Tests/HIHAlbumTests.m; sourceTree = "<group>"; };
		9FFC0F2D1E0B3F8200EF64BE /* album.json */ = {isa = PBXFileReference; fileEncoding = 4; lastKnownFileType = text.json; name = album.json; path = Source/Common/Tests/album.json; sourceTree = "<group>"; };
		9FFC0F301E0B421900EF64BE /* HIHImageCacheServiceTests.m */ = {isa = PBXFileReference; fileEncoding = 4; lastKnownFileType = sourcecode.c.objc; name = HIHImageCacheServiceTests.m; path = Source/Common/Tests/HIHImageCacheServiceTests.m; sourceTree = "<group>"; };
		9FFC0F321E0B477500EF64BE /* test.png */ = {isa = PBXFileReference; lastKnownFileType = image.png; name = test.png; path = Source/Common/Tests/test.png; sourceTree = "<group>"; };
		9FFC0F381E0B5B4300EF64BE /* HIHMockUrlSession.h */ = {isa = PBXFileReference; fileEncoding = 4; lastKnownFileType = sourcecode.c.h; name = HIHMockUrlSession.h; path = Source/Common/Tests/HIHMockUrlSession.h; sourceTree = "<group>"; };
		9FFC0F391E0B5B4300EF64BE /* HIHMockUrlSession.m */ = {isa = PBXFileReference; fileEncoding = 4; lastKnownFileType = sourcecode.c.objc; name = HIHMockUrlSession.m; path = Source/Common/Tests/HIHMockUrlSession.m; sourceTree = "<group>"; };
		9FFC0F4E1E0B951700EF64BE /* HIHCommonIndex.h */ = {isa = PBXFileReference; lastKnownFileType = sourcecode.c.h; name = HIHCommonIndex.h; path = Source/Common/HIHCommonIndex.h; sourceTree = "<group>"; };
		9FFC0F4F1E0B964F00EF64BE /* HIHAlbumDisplayIndex.h */ = {isa = PBXFileReference; lastKnownFileType = sourcecode.c.h; name = HIHAlbumDisplayIndex.h; path = Source/AlbumDisplay/HIHAlbumDisplayIndex.h; sourceTree = "<group>"; };
		9FFC0F511E0B987600EF64BE /* HIHAlbumDisplayTransitionAnimatorTests.m */ = {isa = PBXFileReference; fileEncoding = 4; lastKnownFileType = sourcecode.c.objc; name = HIHAlbumDisplayTransitionAnimatorTests.m; path = Source/AlbumDisplay/Tests/HIHAlbumDisplayTransitionAnimatorTests.m; sourceTree = "<group>"; };
		9FFC0F531E0C403200EF64BE /* HIHRoundedImageView.h */ = {isa = PBXFileReference; fileEncoding = 4; lastKnownFileType = sourcecode.c.h; name = HIHRoundedImageView.h; path = Source/Common/HIHRoundedImageView.h; sourceTree = "<group>"; };
		9FFC0F541E0C403200EF64BE /* HIHRoundedImageView.m */ = {isa = PBXFileReference; fileEncoding = 4; lastKnownFileType = sourcecode.c.objc; name = HIHRoundedImageView.m; path = Source/Common/HIHRoundedImageView.m; sourceTree = "<group>"; };
/* End PBXFileReference section */

/* Begin PBXFrameworksBuildPhase section */
		9F6246A21E0A360B00C1DDF2 /* Frameworks */ = {
			isa = PBXFrameworksBuildPhase;
			buildActionMask = 2147483647;
			files = (
			);
			runOnlyForDeploymentPostprocessing = 0;
		};
		9F6246BB1E0A360B00C1DDF2 /* Frameworks */ = {
			isa = PBXFrameworksBuildPhase;
			buildActionMask = 2147483647;
			files = (
			);
			runOnlyForDeploymentPostprocessing = 0;
		};
/* End PBXFrameworksBuildPhase section */

/* Begin PBXGroup section */
		9F62469C1E0A360B00C1DDF2 = {
			isa = PBXGroup;
			children = (
				9F6246DD1E0A362400C1DDF2 /* Config */,
				9F6246DC1E0A361E00C1DDF2 /* Resources */,
				9F6246DB1E0A361800C1DDF2 /* Source */,
				9F6246A61E0A360B00C1DDF2 /* Products */,
			);
			sourceTree = "<group>";
		};
		9F6246A61E0A360B00C1DDF2 /* Products */ = {
			isa = PBXGroup;
			children = (
				9F6246A51E0A360B00C1DDF2 /* DLOOMB.app */,
				9F6246BE1E0A360B00C1DDF2 /* UnitTests.xctest */,
			);
			name = Products;
			sourceTree = "<group>";
		};
		9F6246DB1E0A361800C1DDF2 /* Source */ = {
			isa = PBXGroup;
			children = (
				9F6246E91E0A369E00C1DDF2 /* main.m */,
				9F6246E71E0A369E00C1DDF2 /* AppDelegate.h */,
				9F6246E81E0A369E00C1DDF2 /* AppDelegate.m */,
				9F6247211E0AEC6700C1DDF2 /* AlbumDisplay */,
				9F6246F01E0A36D500C1DDF2 /* Common */,
				9F6246EC1E0A36BB00C1DDF2 /* Search */,
			);
			name = Source;
			sourceTree = "<group>";
		};
		9F6246DC1E0A361E00C1DDF2 /* Resources */ = {
			isa = PBXGroup;
			children = (
				9F6246E11E0A368900C1DDF2 /* Assets.xcassets */,
				9F6246E21E0A368900C1DDF2 /* LaunchScreen.storyboard */,
				9F6246E31E0A368900C1DDF2 /* Main.storyboard */,
			);
			name = Resources;
			sourceTree = "<group>";
		};
		9F6246DD1E0A362400C1DDF2 /* Config */ = {
			isa = PBXGroup;
			children = (
				9F6246DE1E0A368200C1DDF2 /* Main-Info.plist */,
				9F6246E01E0A368200C1DDF2 /* UnitTests-Info.plist */,
			);
			name = Config;
			sourceTree = "<group>";
		};
		9F6246EC1E0A36BB00C1DDF2 /* Search */ = {
			isa = PBXGroup;
			children = (
				9F62471B1E0A5EF100C1DDF2 /* HIHSearchAlbumCell.h */,
				9F62471C1E0A5EF100C1DDF2 /* HIHSearchAlbumCell.m */,
				9F6247051E0A435700C1DDF2 /* HIHSearchIndex.h */,
				9F6247021E0A3AD800C1DDF2 /* HIHSearchInputView.h */,
				9F6247031E0A3AD800C1DDF2 /* HIHSearchInputView.m */,
				9F6246F71E0A37A700C1DDF2 /* HIHSearchService.h */,
				9F6246F81E0A37A700C1DDF2 /* HIHSearchService.m */,
				9F6246F41E0A379800C1DDF2 /* HIHSearchViewController.h */,
				9F6246F51E0A379800C1DDF2 /* HIHSearchViewController.m */,
				9F62470E1E0A4A0100C1DDF2 /* Tests */,
			);
			name = Search;
			sourceTree = "<group>";
		};
		9F6246F01E0A36D500C1DDF2 /* Common */ = {
			isa = PBXGroup;
			children = (
				9F6246FF1E0A399300C1DDF2 /* HIHAlbum.h */,
				9F6247001E0A399300C1DDF2 /* HIHAlbum.m */,
				9FFC0F4E1E0B951700EF64BE /* HIHCommonIndex.h */,
				9F6247061E0A441D00C1DDF2 /* HIHHttpClient.h */,
				9F6247071E0A441D00C1DDF2 /* HIHHttpClient.m */,
				9F62471E1E0A658400C1DDF2 /* HIHImageCacheService.h */,
				9F62471F1E0A658400C1DDF2 /* HIHImageCacheService.m */,
				9FFC0F531E0C403200EF64BE /* HIHRoundedImageView.h */,
				9FFC0F541E0C403200EF64BE /* HIHRoundedImageView.m */,
				9FFC0F251E0B39E400EF64BE /* Tests */,
			);
			name = Common;
			sourceTree = "<group>";
		};
		9F62470E1E0A4A0100C1DDF2 /* Tests */ = {
			isa = PBXGroup;
			children = (
				9F62470F1E0A4A2900C1DDF2 /* query_ok_200_res.json */,
				9F6247151E0A541400C1DDF2 /* query_bad_400_res.json */,
				9F6247111E0A4C1900C1DDF2 /* HIHSearchServiceTests.m */,
			);
			name = Tests;
			sourceTree = "<group>";
		};
		9F6247211E0AEC6700C1DDF2 /* AlbumDisplay */ = {
			isa = PBXGroup;
			children = (
				9FFC0F501E0B971E00EF64BE /* Tests */,
				9FFC0F4F1E0B964F00EF64BE /* HIHAlbumDisplayIndex.h */,
				9FFC0F221E0B1DDB00EF64BE /* HIHAlbumDisplayTransitionAnimator.h */,
				9FFC0F231E0B1DDB00EF64BE /* HIHAlbumDisplayTransitionAnimator.m */,
				9F6247221E0AEC9600C1DDF2 /* HIHAlbumDisplayViewController.h */,
				9F6247231E0AEC9600C1DDF2 /* HIHAlbumDisplayViewController.m */,
			);
			name = AlbumDisplay;
			sourceTree = "<group>";
		};
		9FFC0F251E0B39E400EF64BE /* Tests */ = {
			isa = PBXGroup;
			children = (
				9FFC0F321E0B477500EF64BE /* test.png */,
				9FFC0F2D1E0B3F8200EF64BE /* album.json */,
				9FFC0F2B1E0B3F2000EF64BE /* HIHAlbumTests.m */,
				9FFC0F301E0B421900EF64BE /* HIHImageCacheServiceTests.m */,
				9FFC0F381E0B5B4300EF64BE /* HIHMockUrlSession.h */,
				9FFC0F391E0B5B4300EF64BE /* HIHMockUrlSession.m */,
			);
			name = Tests;
			sourceTree = "<group>";
		};
		9FFC0F501E0B971E00EF64BE /* Tests */ = {
			isa = PBXGroup;
			children = (
				9FFC0F511E0B987600EF64BE /* HIHAlbumDisplayTransitionAnimatorTests.m */,
			);
			name = Tests;
			sourceTree = "<group>";
		};
/* End PBXGroup section */

/* Begin PBXNativeTarget section */
		9F6246A41E0A360B00C1DDF2 /* Main */ = {
			isa = PBXNativeTarget;
			buildConfigurationList = 9F6246D21E0A360B00C1DDF2 /* Build configuration list for PBXNativeTarget "Main" */;
			buildPhases = (
				9F6246A11E0A360B00C1DDF2 /* Sources */,
				9F6246A21E0A360B00C1DDF2 /* Frameworks */,
				9F6246A31E0A360B00C1DDF2 /* Resources */,
			);
			buildRules = (
			);
			dependencies = (
			);
			name = Main;
			productName = InterviewHomework;
			productReference = 9F6246A51E0A360B00C1DDF2 /* DLOOMB.app */;
			productType = "com.apple.product-type.application";
		};
		9F6246BD1E0A360B00C1DDF2 /* UnitTests */ = {
			isa = PBXNativeTarget;
			buildConfigurationList = 9F6246D51E0A360B00C1DDF2 /* Build configuration list for PBXNativeTarget "UnitTests" */;
			buildPhases = (
				9F6246BA1E0A360B00C1DDF2 /* Sources */,
				9F6246BB1E0A360B00C1DDF2 /* Frameworks */,
				9F6246BC1E0A360B00C1DDF2 /* Resources */,
			);
			buildRules = (
			);
			dependencies = (
				9F6246C01E0A360B00C1DDF2 /* PBXTargetDependency */,
			);
			name = UnitTests;
			productName = InterviewHomeworkTests;
			productReference = 9F6246BE1E0A360B00C1DDF2 /* UnitTests.xctest */;
			productType = "com.apple.product-type.bundle.unit-test";
		};
/* End PBXNativeTarget section */

/* Begin PBXProject section */
		9F62469D1E0A360B00C1DDF2 /* Project object */ = {
			isa = PBXProject;
			attributes = {
				LastUpgradeCheck = 0810;
				ORGANIZATIONNAME = "Daniel Loomb";
				TargetAttributes = {
					9F6246A41E0A360B00C1DDF2 = {
						CreatedOnToolsVersion = 8.1;
						DevelopmentTeam = GPMUERW4W9;
						ProvisioningStyle = Automatic;
					};
					9F6246BD1E0A360B00C1DDF2 = {
						CreatedOnToolsVersion = 8.1;
						DevelopmentTeam = GPMUERW4W9;
						ProvisioningStyle = Automatic;
						TestTargetID = 9F6246A41E0A360B00C1DDF2;
					};
				};
			};
			buildConfigurationList = 9F6246A01E0A360B00C1DDF2 /* Build configuration list for PBXProject "InterviewHomework" */;
			compatibilityVersion = "Xcode 3.2";
			developmentRegion = English;
			hasScannedForEncodings = 0;
			knownRegions = (
				en,
				Base,
			);
			mainGroup = 9F62469C1E0A360B00C1DDF2;
			productRefGroup = 9F6246A61E0A360B00C1DDF2 /* Products */;
			projectDirPath = "";
			projectRoot = "";
			targets = (
				9F6246A41E0A360B00C1DDF2 /* Main */,
				9F6246BD1E0A360B00C1DDF2 /* UnitTests */,
			);
		};
/* End PBXProject section */

/* Begin PBXResourcesBuildPhase section */
		9F6246A31E0A360B00C1DDF2 /* Resources */ = {
			isa = PBXResourcesBuildPhase;
			buildActionMask = 2147483647;
			files = (
				9F6246E41E0A368900C1DDF2 /* Assets.xcassets in Resources */,
				9FFC0F2F1E0B400D00EF64BE /* album.json in Resources */,
				9FFC0F341E0B47BC00EF64BE /* test.png in Resources */,
				9F6246E61E0A368900C1DDF2 /* Main.storyboard in Resources */,
				9F62471A1E0A54ED00C1DDF2 /* query_bad_400_res.json in Resources */,
				9F6247191E0A54EA00C1DDF2 /* query_ok_200_res.json in Resources */,
				9F6246E51E0A368900C1DDF2 /* LaunchScreen.storyboard in Resources */,
			);
			runOnlyForDeploymentPostprocessing = 0;
		};
		9F6246BC1E0A360B00C1DDF2 /* Resources */ = {
			isa = PBXResourcesBuildPhase;
			buildActionMask = 2147483647;
			files = (
				9F6247181E0A541B00C1DDF2 /* query_bad_400_res.json in Resources */,
				9FFC0F2E1E0B3F8200EF64BE /* album.json in Resources */,
				9F6247171E0A541B00C1DDF2 /* query_ok_200_res.json in Resources */,
				9FFC0F331E0B477500EF64BE /* test.png in Resources */,
			);
			runOnlyForDeploymentPostprocessing = 0;
		};
/* End PBXResourcesBuildPhase section */

/* Begin PBXSourcesBuildPhase section */
		9F6246A11E0A360B00C1DDF2 /* Sources */ = {
			isa = PBXSourcesBuildPhase;
			buildActionMask = 2147483647;
			files = (
				9FFC0F551E0C403200EF64BE /* HIHRoundedImageView.m in Sources */,
				9F6247081E0A441D00C1DDF2 /* HIHHttpClient.m in Sources */,
				9F6246EB1E0A369E00C1DDF2 /* main.m in Sources */,
				9F6247201E0A658400C1DDF2 /* HIHImageCacheService.m in Sources */,
				9F6247011E0A399300C1DDF2 /* HIHAlbum.m in Sources */,
				9F6246F91E0A37A800C1DDF2 /* HIHSearchService.m in Sources */,
				9FFC0F241E0B1DDB00EF64BE /* HIHAlbumDisplayTransitionAnimator.m in Sources */,
				9F6246F61E0A379800C1DDF2 /* HIHSearchViewController.m in Sources */,
				9F6246EA1E0A369E00C1DDF2 /* AppDelegate.m in Sources */,
				9F6247241E0AEC9600C1DDF2 /* HIHAlbumDisplayViewController.m in Sources */,
				9F6247041E0A3AD800C1DDF2 /* HIHSearchInputView.m in Sources */,
				9F62471D1E0A5EF100C1DDF2 /* HIHSearchAlbumCell.m in Sources */,
			);
			runOnlyForDeploymentPostprocessing = 0;
		};
		9F6246BA1E0A360B00C1DDF2 /* Sources */ = {
			isa = PBXSourcesBuildPhase;
			buildActionMask = 2147483647;
			files = (
				9FFC0F3B1E0B5B4800EF64BE /* HIHMockUrlSession.m in Sources */,
				9FFC0F2C1E0B3F2000EF64BE /* HIHAlbumTests.m in Sources */,
				9FFC0F311E0B421900EF64BE /* HIHImageCacheServiceTests.m in Sources */,
				9FFC0F521E0B987600EF64BE /* HIHAlbumDisplayTransitionAnimatorTests.m in Sources */,
				9F6247131E0A4C1D00C1DDF2 /* HIHSearchServiceTests.m in Sources */,
			);
			runOnlyForDeploymentPostprocessing = 0;
		};
/* End PBXSourcesBuildPhase section */

/* Begin PBXTargetDependency section */
		9F6246C01E0A360B00C1DDF2 /* PBXTargetDependency */ = {
			isa = PBXTargetDependency;
			target = 9F6246A41E0A360B00C1DDF2 /* Main */;
			targetProxy = 9F6246BF1E0A360B00C1DDF2 /* PBXContainerItemProxy */;
		};
/* End PBXTargetDependency section */

/* Begin XCBuildConfiguration section */
		9F6246D01E0A360B00C1DDF2 /* Debug */ = {
			isa = XCBuildConfiguration;
			buildSettings = {
				ALWAYS_SEARCH_USER_PATHS = NO;
				CLANG_ANALYZER_NONNULL = YES;
				CLANG_CXX_LANGUAGE_STANDARD = "gnu++0x";
				CLANG_CXX_LIBRARY = "libc++";
				CLANG_ENABLE_MODULES = YES;
				CLANG_ENABLE_OBJC_ARC = YES;
				CLANG_WARN_BOOL_CONVERSION = YES;
				CLANG_WARN_CONSTANT_CONVERSION = YES;
				CLANG_WARN_DIRECT_OBJC_ISA_USAGE = YES_ERROR;
				CLANG_WARN_DOCUMENTATION_COMMENTS = YES;
				CLANG_WARN_EMPTY_BODY = YES;
				CLANG_WARN_ENUM_CONVERSION = YES;
				CLANG_WARN_INFINITE_RECURSION = YES;
				CLANG_WARN_INT_CONVERSION = YES;
				CLANG_WARN_OBJC_ROOT_CLASS = YES_ERROR;
				CLANG_WARN_SUSPICIOUS_MOVES = YES;
				CLANG_WARN_UNREACHABLE_CODE = YES;
				CLANG_WARN__DUPLICATE_METHOD_MATCH = YES;
				"CODE_SIGN_IDENTITY[sdk=iphoneos*]" = "iPhone Developer";
				COPY_PHASE_STRIP = NO;
				DEBUG_INFORMATION_FORMAT = dwarf;
				ENABLE_STRICT_OBJC_MSGSEND = YES;
				ENABLE_TESTABILITY = YES;
				GCC_C_LANGUAGE_STANDARD = gnu99;
				GCC_DYNAMIC_NO_PIC = NO;
				GCC_NO_COMMON_BLOCKS = YES;
				GCC_OPTIMIZATION_LEVEL = 0;
				GCC_PREPROCESSOR_DEFINITIONS = (
					"DEBUG=1",
					"$(inherited)",
				);
				GCC_WARN_64_TO_32_BIT_CONVERSION = YES;
				GCC_WARN_ABOUT_RETURN_TYPE = YES_ERROR;
				GCC_WARN_UNDECLARED_SELECTOR = YES;
				GCC_WARN_UNINITIALIZED_AUTOS = YES_AGGRESSIVE;
				GCC_WARN_UNUSED_FUNCTION = YES;
				GCC_WARN_UNUSED_VARIABLE = YES;
				IPHONEOS_DEPLOYMENT_TARGET = 9.0;
				MTL_ENABLE_DEBUG_INFO = YES;
				ONLY_ACTIVE_ARCH = YES;
				SDKROOT = iphoneos;
				TARGETED_DEVICE_FAMILY = "1,2";
			};
			name = Debug;
		};
		9F6246D11E0A360B00C1DDF2 /* Release */ = {
			isa = XCBuildConfiguration;
			buildSettings = {
				ALWAYS_SEARCH_USER_PATHS = NO;
				CLANG_ANALYZER_NONNULL = YES;
				CLANG_CXX_LANGUAGE_STANDARD = "gnu++0x";
				CLANG_CXX_LIBRARY = "libc++";
				CLANG_ENABLE_MODULES = YES;
				CLANG_ENABLE_OBJC_ARC = YES;
				CLANG_WARN_BOOL_CONVERSION = YES;
				CLANG_WARN_CONSTANT_CONVERSION = YES;
				CLANG_WARN_DIRECT_OBJC_ISA_USAGE = YES_ERROR;
				CLANG_WARN_DOCUMENTATION_COMMENTS = YES;
				CLANG_WARN_EMPTY_BODY = YES;
				CLANG_WARN_ENUM_CONVERSION = YES;
				CLANG_WARN_INFINITE_RECURSION = YES;
				CLANG_WARN_INT_CONVERSION = YES;
				CLANG_WARN_OBJC_ROOT_CLASS = YES_ERROR;
				CLANG_WARN_SUSPICIOUS_MOVES = YES;
				CLANG_WARN_UNREACHABLE_CODE = YES;
				CLANG_WARN__DUPLICATE_METHOD_MATCH = YES;
				"CODE_SIGN_IDENTITY[sdk=iphoneos*]" = "iPhone Developer";
				COPY_PHASE_STRIP = NO;
				DEBUG_INFORMATION_FORMAT = "dwarf-with-dsym";
				ENABLE_NS_ASSERTIONS = NO;
				ENABLE_STRICT_OBJC_MSGSEND = YES;
				GCC_C_LANGUAGE_STANDARD = gnu99;
				GCC_NO_COMMON_BLOCKS = YES;
				GCC_WARN_64_TO_32_BIT_CONVERSION = YES;
				GCC_WARN_ABOUT_RETURN_TYPE = YES_ERROR;
				GCC_WARN_UNDECLARED_SELECTOR = YES;
				GCC_WARN_UNINITIALIZED_AUTOS = YES_AGGRESSIVE;
				GCC_WARN_UNUSED_FUNCTION = YES;
				GCC_WARN_UNUSED_VARIABLE = YES;
				IPHONEOS_DEPLOYMENT_TARGET = 9.0;
				MTL_ENABLE_DEBUG_INFO = NO;
				SDKROOT = iphoneos;
				TARGETED_DEVICE_FAMILY = "1,2";
				VALIDATE_PRODUCT = YES;
			};
			name = Release;
		};
		9F6246D31E0A360B00C1DDF2 /* Debug */ = {
			isa = XCBuildConfiguration;
			buildSettings = {
				ASSETCATALOG_COMPILER_APPICON_NAME = AppIcon;
				DEVELOPMENT_TEAM = GPMUERW4W9;
				INFOPLIST_FILE = "Config/Main-Info.plist";
				LD_RUNPATH_SEARCH_PATHS = "$(inherited) @executable_path/Frameworks";
				PRODUCT_BUNDLE_IDENTIFIER = com.dloomb.InterviewHomework;
				PRODUCT_NAME = DLOOMB;
			};
			name = Debug;
		};
		9F6246D41E0A360B00C1DDF2 /* Release */ = {
			isa = XCBuildConfiguration;
			buildSettings = {
				ASSETCATALOG_COMPILER_APPICON_NAME = AppIcon;
				DEVELOPMENT_TEAM = GPMUERW4W9;
				INFOPLIST_FILE = "Config/Main-Info.plist";
				LD_RUNPATH_SEARCH_PATHS = "$(inherited) @executable_path/Frameworks";
				PRODUCT_BUNDLE_IDENTIFIER = com.dloomb.InterviewHomework;
				PRODUCT_NAME = DLOOMB;
			};
			name = Release;
		};
		9F6246D61E0A360B00C1DDF2 /* Debug */ = {
			isa = XCBuildConfiguration;
			buildSettings = {
				BUNDLE_LOADER = "$(TEST_HOST)";
				DEVELOPMENT_TEAM = GPMUERW4W9;
				INFOPLIST_FILE = "Config/UnitTests-Info.plist";
				LD_RUNPATH_SEARCH_PATHS = "$(inherited) @executable_path/Frameworks @loader_path/Frameworks";
				PRODUCT_BUNDLE_IDENTIFIER = com.dloomb.InterviewHomeworkTests;
				PRODUCT_NAME = "$(TARGET_NAME)";
				TEST_HOST = "$(BUILT_PRODUCTS_DIR)/Main.app/Main";
			};
			name = Debug;
		};
		9F6246D71E0A360B00C1DDF2 /* Release */ = {
			isa = XCBuildConfiguration;
			buildSettings = {
				BUNDLE_LOADER = "$(TEST_HOST)";
				DEVELOPMENT_TEAM = GPMUERW4W9;
				INFOPLIST_FILE = "Config/UnitTests-Info.plist";
				LD_RUNPATH_SEARCH_PATHS = "$(inherited) @executable_path/Frameworks @loader_path/Frameworks";
				PRODUCT_BUNDLE_IDENTIFIER = com.dloomb.InterviewHomeworkTests;
				PRODUCT_NAME = "$(TARGET_NAME)";
				TEST_HOST = "$(BUILT_PRODUCTS_DIR)/Main.app/Main";
			};
			name = Release;
		};
/* End XCBuildConfiguration section */

/* Begin XCConfigurationList section */
		9F6246A01E0A360B00C1DDF2 /* Build configuration list for PBXProject "InterviewHomework" */ = {
			isa = XCConfigurationList;
			buildConfigurations = (
				9F6246D01E0A360B00C1DDF2 /* Debug */,
				9F6246D11E0A360B00C1DDF2 /* Release */,
			);
			defaultConfigurationIsVisible = 0;
			defaultConfigurationName = Release;
		};
		9F6246D21E0A360B00C1DDF2 /* Build configuration list for PBXNativeTarget "Main" */ = {
			isa = XCConfigurationList;
			buildConfigurations = (
				9F6246D31E0A360B00C1DDF2 /* Debug */,
				9F6246D41E0A360B00C1DDF2 /* Release */,
			);
			defaultConfigurationIsVisible = 0;
			defaultConfigurationName = Release;
		};
		9F6246D51E0A360B00C1DDF2 /* Build configuration list for PBXNativeTarget "UnitTests" */ = {
			isa = XCConfigurationList;
			buildConfigurations = (
				9F6246D61E0A360B00C1DDF2 /* Debug */,
				9F6246D71E0A360B00C1DDF2 /* Release */,
			);
			defaultConfigurationIsVisible = 0;
			defaultConfigurationName = Release;
		};
/* End XCConfigurationList section */
	};
	rootObject = 9F62469D1E0A360B00C1DDF2 /* Project object */;
}
